
Microsoft Visual Studio Solution File, Format Version 12.00
# Visual Studio Version 16
VisualStudioVersion = 16.0.31702.278
MinimumVisualStudioVersion = 10.0.40219.1
Project("{FAE04EC0-301F-11D3-BF4B-00C04F79EFBC}") = "P0328b", "P0328b\P0328b.csproj", "{53672DE1-F89B-4C48-A39B-A06DC14AA14E}"
EndProject
Global
	GlobalSection(SolutionConfigurationPlatforms) = preSolution
		Debug|Any CPU = Debug|Any CPU
		Release|Any CPU = Release|Any CPU
	EndGlobalSection
	GlobalSection(ProjectConfigurationPlatforms) = postSolution
		{53672DE1-F89B-4C48-A39B-A06DC14AA14E}.Debug|Any CPU.ActiveCfg = Debug|Any CPU
		{53672DE1-F89B-4C48-A39B-A06DC14AA14E}.Debug|Any CPU.Build.0 = Debug|Any CPU
		{53672DE1-F89B-4C48-A39B-A06DC14AA14E}.Release|Any CPU.ActiveCfg = Release|Any CPU
		{53672DE1-F89B-4C48-A39B-A06DC14AA14E}.Release|Any CPU.Build.0 = Release|Any CPU
	EndGlobalSection
	GlobalSection(SolutionProperties) = preSolution
		HideSolutionNode = FALSE
	EndGlobalSection
	GlobalSection(ExtensibilityGlobals) = postSolution
		SolutionGuid = {5E4DC555-DC5E-46EC-84C9-BBAB85ADB50A}
	EndGlobalSection
EndGlobal
